
Microsoft Visual Studio Solution File, Format Version 12.00
# Visual Studio 15
VisualStudioVersion = 15.0.27703.2035
MinimumVisualStudioVersion = 10.0.40219.1
Project("{FAE04EC0-301F-11D3-BF4B-00C04F79EFBC}") = "Tek1", "Tek1\Tek1.csproj", "{C86D120F-66CD-41E1-94A3-1D07098B01A0}"
EndProject
Global
	GlobalSection(SolutionConfigurationPlatforms) = preSolution
		Debug|Any CPU = Debug|Any CPU
		Release|Any CPU = Release|Any CPU
	EndGlobalSection
	GlobalSection(ProjectConfigurationPlatforms) = postSolution
		{C86D120F-66CD-41E1-94A3-1D07098B01A0}.Debug|Any CPU.ActiveCfg = Debug|Any CPU
		{C86D120F-66CD-41E1-94A3-1D07098B01A0}.Debug|Any CPU.Build.0 = Debug|Any CPU
		{C86D120F-66CD-41E1-94A3-1D07098B01A0}.Release|Any CPU.ActiveCfg = Release|Any CPU
		{C86D120F-66CD-41E1-94A3-1D07098B01A0}.Release|Any CPU.Build.0 = Release|Any CPU
	EndGlobalSection
	GlobalSection(SolutionProperties) = preSolution
		HideSolutionNode = FALSE
	EndGlobalSection
	GlobalSection(ExtensibilityGlobals) = postSolution
		SolutionGuid = {C5B8116C-48AF-486E-BDAA-500A4AA5F53E}
	EndGlobalSection
EndGlobal
